
Microsoft Visual Studio Solution File, Format Version 12.00
# Visual Studio Version 17
VisualStudioVersion = 17.7.34202.233
MinimumVisualStudioVersion = 10.0.40219.1
Project("{FAE04EC0-301F-11D3-BF4B-00C04F79EFBC}") = "ISA-Project-S7", "ISA-Project-S7.csproj", "{FDCF6BF7-F6C0-4045-968F-9629D5B03D5A}"
EndProject
Global
	GlobalSection(SolutionConfigurationPlatforms) = preSolution
		Debug|Any CPU = Debug|Any CPU
		Release|Any CPU = Release|Any CPU
	EndGlobalSection
	GlobalSection(ProjectConfigurationPlatforms) = postSolution
		{FDCF6BF7-F6C0-4045-968F-9629D5B03D5A}.Debug|Any CPU.ActiveCfg = Debug|Any CPU
		{FDCF6BF7-F6C0-4045-968F-9629D5B03D5A}.Debug|Any CPU.Build.0 = Debug|Any CPU
		{FDCF6BF7-F6C0-4045-968F-9629D5B03D5A}.Release|Any CPU.ActiveCfg = Release|Any CPU
		{FDCF6BF7-F6C0-4045-968F-9629D5B03D5A}.Release|Any CPU.Build.0 = Release|Any CPU
	EndGlobalSection
	GlobalSection(SolutionProperties) = preSolution
		HideSolutionNode = FALSE
	EndGlobalSection
	GlobalSection(ExtensibilityGlobals) = postSolution
		SolutionGuid = {CA2D14AB-704B-464C-92EF-2B27A00E683C}
	EndGlobalSection
EndGlobal
